
Microsoft Visual Studio Solution File, Format Version 12.00
# Visual Studio Version 17
VisualStudioVersion = 17.6.33801.468
MinimumVisualStudioVersion = 10.0.40219.1
Project("{9A19103F-16F7-4668-BE54-9A1E7A4F7556}") = "PlayersGuide", "PlayersGuide.csproj", "{3E2B8D18-1DC9-4606-8D63-23A7D47BEC27}"
EndProject
Project("{9A19103F-16F7-4668-BE54-9A1E7A4F7556}") = "Watchtower", "..\Watchtower\Watchtower.csproj", "{F1AEAF4F-1D6E-45BC-BFF5-2C39482BAAD7}"
EndProject
Project("{FAE04EC0-301F-11D3-BF4B-00C04F79EFBC}") = "BuyingInventory", "..\BuyingInventory\BuyingInventory.csproj", "{3C78E45F-7BA5-43D0-BA74-043BC2F86A3D}"
EndProject
Global
	GlobalSection(SolutionConfigurationPlatforms) = preSolution
		Debug|Any CPU = Debug|Any CPU
		Release|Any CPU = Release|Any CPU
	EndGlobalSection
	GlobalSection(ProjectConfigurationPlatforms) = postSolution
		{3E2B8D18-1DC9-4606-8D63-23A7D47BEC27}.Debug|Any CPU.ActiveCfg = Debug|Any CPU
		{3E2B8D18-1DC9-4606-8D63-23A7D47BEC27}.Debug|Any CPU.Build.0 = Debug|Any CPU
		{3E2B8D18-1DC9-4606-8D63-23A7D47BEC27}.Release|Any CPU.ActiveCfg = Release|Any CPU
		{3E2B8D18-1DC9-4606-8D63-23A7D47BEC27}.Release|Any CPU.Build.0 = Release|Any CPU
		{F1AEAF4F-1D6E-45BC-BFF5-2C39482BAAD7}.Debug|Any CPU.ActiveCfg = Debug|Any CPU
		{F1AEAF4F-1D6E-45BC-BFF5-2C39482BAAD7}.Debug|Any CPU.Build.0 = Debug|Any CPU
		{F1AEAF4F-1D6E-45BC-BFF5-2C39482BAAD7}.Release|Any CPU.ActiveCfg = Release|Any CPU
		{F1AEAF4F-1D6E-45BC-BFF5-2C39482BAAD7}.Release|Any CPU.Build.0 = Release|Any CPU
		{3C78E45F-7BA5-43D0-BA74-043BC2F86A3D}.Debug|Any CPU.ActiveCfg = Debug|Any CPU
		{3C78E45F-7BA5-43D0-BA74-043BC2F86A3D}.Debug|Any CPU.Build.0 = Debug|Any CPU
		{3C78E45F-7BA5-43D0-BA74-043BC2F86A3D}.Release|Any CPU.ActiveCfg = Release|Any CPU
		{3C78E45F-7BA5-43D0-BA74-043BC2F86A3D}.Release|Any CPU.Build.0 = Release|Any CPU
	EndGlobalSection
	GlobalSection(SolutionProperties) = preSolution
		HideSolutionNode = FALSE
	EndGlobalSection
	GlobalSection(ExtensibilityGlobals) = postSolution
		SolutionGuid = {515EB29C-5FAE-46B4-A896-8C6D94D4F56B}
	EndGlobalSection
EndGlobal
